
Microsoft Visual Studio Solution File, Format Version 12.00
# Visual Studio Version 17
VisualStudioVersion = 17.9.34607.119
MinimumVisualStudioVersion = 10.0.40219.1
Project("{FAE04EC0-301F-11D3-BF4B-00C04F79EFBC}") = "Ejercicio 2", "Ejercicio 2.csproj", "{C7A34B2B-2230-4F2A-B94B-C5591D1B6BCD}"
EndProject
Global
	GlobalSection(SolutionConfigurationPlatforms) = preSolution
		Debug|Any CPU = Debug|Any CPU
		Release|Any CPU = Release|Any CPU
	EndGlobalSection
	GlobalSection(ProjectConfigurationPlatforms) = postSolution
		{C7A34B2B-2230-4F2A-B94B-C5591D1B6BCD}.Debug|Any CPU.ActiveCfg = Debug|Any CPU
		{C7A34B2B-2230-4F2A-B94B-C5591D1B6BCD}.Debug|Any CPU.Build.0 = Debug|Any CPU
		{C7A34B2B-2230-4F2A-B94B-C5591D1B6BCD}.Release|Any CPU.ActiveCfg = Release|Any CPU
		{C7A34B2B-2230-4F2A-B94B-C5591D1B6BCD}.Release|Any CPU.Build.0 = Release|Any CPU
	EndGlobalSection
	GlobalSection(SolutionProperties) = preSolution
		HideSolutionNode = FALSE
	EndGlobalSection
	GlobalSection(ExtensibilityGlobals) = postSolution
		SolutionGuid = {B8AB6005-1679-483A-BA5C-769BB7420AE4}
	EndGlobalSection
EndGlobal
